
Microsoft Visual Studio Solution File, Format Version 12.00
# Visual Studio Version 17
VisualStudioVersion = 17.4.33205.214
MinimumVisualStudioVersion = 10.0.40219.1
Project("{9A19103F-16F7-4668-BE54-9A1E7A4F7556}") = "ChatApp", "ChatApp.csproj", "{4E6FC1AD-D573-4E49-A5CD-A8932E80BA88}"
EndProject
Project("{9A19103F-16F7-4668-BE54-9A1E7A4F7556}") = "DataLayer", "..\DataLayer\DataLayer.csproj", "{ABDE5D08-5C02-4704-8D51-D8DDF688322D}"
EndProject
Project("{9A19103F-16F7-4668-BE54-9A1E7A4F7556}") = "CoreLayer", "..\CoreLayer\CoreLayer.csproj", "{2E00BEFE-7E4F-4DF5-95B1-3EF15A421552}"
EndProject
Global
	GlobalSection(SolutionConfigurationPlatforms) = preSolution
		Debug|Any CPU = Debug|Any CPU
		Release|Any CPU = Release|Any CPU
	EndGlobalSection
	GlobalSection(ProjectConfigurationPlatforms) = postSolution
		{4E6FC1AD-D573-4E49-A5CD-A8932E80BA88}.Debug|Any CPU.ActiveCfg = Debug|Any CPU
		{4E6FC1AD-D573-4E49-A5CD-A8932E80BA88}.Debug|Any CPU.Build.0 = Debug|Any CPU
		{4E6FC1AD-D573-4E49-A5CD-A8932E80BA88}.Release|Any CPU.ActiveCfg = Release|Any CPU
		{4E6FC1AD-D573-4E49-A5CD-A8932E80BA88}.Release|Any CPU.Build.0 = Release|Any CPU
		{ABDE5D08-5C02-4704-8D51-D8DDF688322D}.Debug|Any CPU.ActiveCfg = Debug|Any CPU
		{ABDE5D08-5C02-4704-8D51-D8DDF688322D}.Debug|Any CPU.Build.0 = Debug|Any CPU
		{ABDE5D08-5C02-4704-8D51-D8DDF688322D}.Release|Any CPU.ActiveCfg = Release|Any CPU
		{ABDE5D08-5C02-4704-8D51-D8DDF688322D}.Release|Any CPU.Build.0 = Release|Any CPU
		{2E00BEFE-7E4F-4DF5-95B1-3EF15A421552}.Debug|Any CPU.ActiveCfg = Debug|Any CPU
		{2E00BEFE-7E4F-4DF5-95B1-3EF15A421552}.Debug|Any CPU.Build.0 = Debug|Any CPU
		{2E00BEFE-7E4F-4DF5-95B1-3EF15A421552}.Release|Any CPU.ActiveCfg = Release|Any CPU
		{2E00BEFE-7E4F-4DF5-95B1-3EF15A421552}.Release|Any CPU.Build.0 = Release|Any CPU
	EndGlobalSection
	GlobalSection(SolutionProperties) = preSolution
		HideSolutionNode = FALSE
	EndGlobalSection
	GlobalSection(ExtensibilityGlobals) = postSolution
		SolutionGuid = {D0DC784D-20B3-4482-BCDB-13F477AC5C2F}
	EndGlobalSection
EndGlobal
